
Microsoft Visual Studio Solution File, Format Version 12.00
# Visual Studio Version 16
VisualStudioVersion = 16.0.31624.102
MinimumVisualStudioVersion = 10.0.40219.1
Project("{2150E333-8FDC-42A3-9474-1A3956D46DE8}") = "Patrones", "Patrones", "{78E20D86-F5E6-4D49-8477-4A01CA07CBAD}"
EndProject
Project("{2150E333-8FDC-42A3-9474-1A3956D46DE8}") = "Esenciales", "Esenciales", "{26311B50-6CA6-46FD-96C5-0D1D68EADC50}"
EndProject
Project("{2150E333-8FDC-42A3-9474-1A3956D46DE8}") = "Creacionales", "Creacionales", "{91F763C7-560E-4627-913F-CCDCC33F5B55}"
EndProject
Project("{2150E333-8FDC-42A3-9474-1A3956D46DE8}") = "Estructurales", "Estructurales", "{F617328B-3E9D-4286-AF7B-51627525B191}"
EndProject
Project("{2150E333-8FDC-42A3-9474-1A3956D46DE8}") = "Comportamiento", "Comportamiento", "{4C904D72-5A00-4673-AA74-31BA5B31A905}"
EndProject
Project("{2150E333-8FDC-42A3-9474-1A3956D46DE8}") = "POO", "POO", "{C0197544-4C26-4776-9A6B-C8C15186E26A}"
EndProject
Project("{2150E333-8FDC-42A3-9474-1A3956D46DE8}") = "Principios", "Principios", "{482B9DE6-C21D-4C87-B0CC-6B953EE2A86E}"
EndProject
Project("{FAE04EC0-301F-11D3-BF4B-00C04F79EFBC}") = "Objetos", "Objetos\Objetos.csproj", "{93D213A4-4EAD-4004-AE17-FDEE552D5AA8}"
EndProject
Project("{FAE04EC0-301F-11D3-BF4B-00C04F79EFBC}") = "Principios de Diseño", "Principios de Diseño\Principios de Diseño.csproj", "{410EE70E-1853-45F1-BC17-F7C5DDA4D27D}"
EndProject
Project("{FAE04EC0-301F-11D3-BF4B-00C04F79EFBC}") = "Chain of Responsibility", "Chain of Responsibility\Chain of Responsibility.csproj", "{E7EF48FB-C08D-4412-BEAE-44BEFA91D011}"
EndProject
Project("{FAE04EC0-301F-11D3-BF4B-00C04F79EFBC}") = "Command", "Command\Command.csproj", "{2730B70E-639E-4B1C-B3C1-B06603239743}"
EndProject
Project("{FAE04EC0-301F-11D3-BF4B-00C04F79EFBC}") = "Interpreter", "Interpreter\Interpreter.csproj", "{678EE261-44E5-4527-8B62-C2CAA83BD55D}"
EndProject
Project("{FAE04EC0-301F-11D3-BF4B-00C04F79EFBC}") = "Iterator", "Iterator\Iterator.csproj", "{BDDE4C7E-D836-4E62-A12A-10EFCFEBE5D8}"
EndProject
Project("{FAE04EC0-301F-11D3-BF4B-00C04F79EFBC}") = "Mediator", "Mediator\Mediator.csproj", "{22773C0A-F7F2-491C-908C-DE7F7EC3414B}"
EndProject
Project("{FAE04EC0-301F-11D3-BF4B-00C04F79EFBC}") = "Memento", "Memento\Memento.csproj", "{3D53885E-B6C1-4AD7-9C03-9A4DB2DBB6F3}"
EndProject
Project("{FAE04EC0-301F-11D3-BF4B-00C04F79EFBC}") = "Observer", "Observer\Observer.csproj", "{B7339087-D597-4366-A83E-37B9BBBF7137}"
EndProject
Project("{FAE04EC0-301F-11D3-BF4B-00C04F79EFBC}") = "State", "State\State.csproj", "{6F8C4034-AA66-4E40-ABB2-1A871FA81700}"
EndProject
Project("{FAE04EC0-301F-11D3-BF4B-00C04F79EFBC}") = "Template", "Template\Template.csproj", "{160E8C85-B0B5-4F84-AD2B-32742DAFA84E}"
EndProject
Project("{FAE04EC0-301F-11D3-BF4B-00C04F79EFBC}") = "Visitor", "Visitor\Visitor.csproj", "{A5E2B332-5441-41B3-ABD6-71B663C24022}"
EndProject
Project("{FAE04EC0-301F-11D3-BF4B-00C04F79EFBC}") = "Strategy", "Strategy\Strategy.csproj", "{3FE2B76B-DA1A-4464-A237-052E0D9EDB82}"
EndProject
Project("{FAE04EC0-301F-11D3-BF4B-00C04F79EFBC}") = "Abstract Factory", "Abstract Factory\Abstract Factory.csproj", "{1ECF81AA-07CC-4252-9BC1-68AB9313D68E}"
EndProject
Project("{FAE04EC0-301F-11D3-BF4B-00C04F79EFBC}") = "Builder", "Builder\Builder.csproj", "{50366943-7892-4E4F-BB41-C86661F8ADC3}"
EndProject
Project("{FAE04EC0-301F-11D3-BF4B-00C04F79EFBC}") = "Factory Method", "Factory Method\Factory Method.csproj", "{FECD6F11-932A-4E57-B624-51766A22B79A}"
EndProject
Project("{FAE04EC0-301F-11D3-BF4B-00C04F79EFBC}") = "Prototype", "Prototype\Prototype.csproj", "{2AEBEE16-3D1C-47FE-B935-98221C45AB07}"
EndProject
Project("{FAE04EC0-301F-11D3-BF4B-00C04F79EFBC}") = "Singleton", "Singleton\Singleton.csproj", "{A9FCBF9A-2030-4C5A-B51C-C350B9334CDF}"
EndProject
Project("{FAE04EC0-301F-11D3-BF4B-00C04F79EFBC}") = "Adapter", "Adapter\Adapter.csproj", "{15E29D96-3506-42D8-8B02-8336529FA5D7}"
EndProject
Project("{FAE04EC0-301F-11D3-BF4B-00C04F79EFBC}") = "Bridge", "Bridge\Bridge.csproj", "{4F437E52-0FAC-4995-91D0-0A69B65D37B4}"
EndProject
Project("{FAE04EC0-301F-11D3-BF4B-00C04F79EFBC}") = "Composite", "Composite\Composite.csproj", "{F202355C-F525-4555-BF4F-CD2A47D9A9C4}"
EndProject
Project("{FAE04EC0-301F-11D3-BF4B-00C04F79EFBC}") = "Decorator", "Decorator\Decorator.csproj", "{207220DE-803D-4709-8D4E-CF296FF08A18}"
EndProject
Project("{FAE04EC0-301F-11D3-BF4B-00C04F79EFBC}") = "Facade", "Facade\Facade.csproj", "{3BF32553-CAFE-4A8D-AE7C-89F602ED65DF}"
EndProject
Project("{FAE04EC0-301F-11D3-BF4B-00C04F79EFBC}") = "Flyweight", "Flyweight\Flyweight.csproj", "{BC65FDC4-9D58-43D5-9344-0350AADB3158}"
EndProject
Project("{FAE04EC0-301F-11D3-BF4B-00C04F79EFBC}") = "Proxy", "Proxy\Proxy.csproj", "{8C6A76F3-9A52-4E57-A365-F3E4F3423A04}"
EndProject
Project("{2150E333-8FDC-42A3-9474-1A3956D46DE8}") = "NewFolder1", "NewFolder1", "{DE8AF430-DA81-43A0-84B6-B0D6012FDBC4}"
EndProject
Project("{FAE04EC0-301F-11D3-BF4B-00C04F79EFBC}") = "Examen", "ObjetosExamen\Examen.csproj", "{5E869B20-1BA0-4B63-AFC0-F13E1BB62CFA}"
EndProject
Project("{2150E333-8FDC-42A3-9474-1A3956D46DE8}") = "Documentos", "Documentos", "{601C567D-12F3-4EB8-82F4-42BEBBB5BD7E}"
EndProject
Project("{2150E333-8FDC-42A3-9474-1A3956D46DE8}") = "Patrones", "Patrones", "{77ED0F21-D6D7-42DD-822A-260232BB2A1F}"
EndProject
Project("{2150E333-8FDC-42A3-9474-1A3956D46DE8}") = "Comportamiento", "Comportamiento", "{DD8B1CBD-EA1D-4823-8947-0BD60A200D4E}"
	ProjectSection(SolutionItems) = preProject
		Documentos\Patrones\Comportamiento\01 - Patrones - Comportamiento - Memento.pdf = Documentos\Patrones\Comportamiento\01 - Patrones - Comportamiento - Memento.pdf
		Documentos\Patrones\Comportamiento\02 - Patrones - Comportamiento - State.pdf = Documentos\Patrones\Comportamiento\02 - Patrones - Comportamiento - State.pdf
		Documentos\Patrones\Comportamiento\03 - Patrones - Comportamiento - Iterator.pdf = Documentos\Patrones\Comportamiento\03 - Patrones - Comportamiento - Iterator.pdf
		Documentos\Patrones\Comportamiento\04 - Patrones - Comportamiento - Strategy.pdf = Documentos\Patrones\Comportamiento\04 - Patrones - Comportamiento - Strategy.pdf
		Documentos\Patrones\Comportamiento\05 - Patrones - Comportamiento - Template method.pdf = Documentos\Patrones\Comportamiento\05 - Patrones - Comportamiento - Template method.pdf
		Documentos\Patrones\Comportamiento\06 - Patrones - Comportamiento - Command.pdf = Documentos\Patrones\Comportamiento\06 - Patrones - Comportamiento - Command.pdf
		Documentos\Patrones\Comportamiento\07 - Patrones - Comportamiento - Observer.pdf = Documentos\Patrones\Comportamiento\07 - Patrones - Comportamiento - Observer.pdf
		Documentos\Patrones\Comportamiento\08 - Patrones - Comportamiento - Mediator.pdf = Documentos\Patrones\Comportamiento\08 - Patrones - Comportamiento - Mediator.pdf
		Documentos\Patrones\Comportamiento\09 - Patrones - Comportamiento - Chain of Responsability.pdf = Documentos\Patrones\Comportamiento\09 - Patrones - Comportamiento - Chain of Responsability.pdf
		Documentos\Patrones\Comportamiento\10 - Patrones - Comportamiento - Visitor.pdf = Documentos\Patrones\Comportamiento\10 - Patrones - Comportamiento - Visitor.pdf
	EndProjectSection
EndProject
Global
	GlobalSection(SolutionConfigurationPlatforms) = preSolution
		Debug|Any CPU = Debug|Any CPU
		Release|Any CPU = Release|Any CPU
	EndGlobalSection
	GlobalSection(ProjectConfigurationPlatforms) = postSolution
		{93D213A4-4EAD-4004-AE17-FDEE552D5AA8}.Debug|Any CPU.ActiveCfg = Debug|Any CPU
		{93D213A4-4EAD-4004-AE17-FDEE552D5AA8}.Debug|Any CPU.Build.0 = Debug|Any CPU
		{93D213A4-4EAD-4004-AE17-FDEE552D5AA8}.Release|Any CPU.ActiveCfg = Release|Any CPU
		{93D213A4-4EAD-4004-AE17-FDEE552D5AA8}.Release|Any CPU.Build.0 = Release|Any CPU
		{410EE70E-1853-45F1-BC17-F7C5DDA4D27D}.Debug|Any CPU.ActiveCfg = Debug|Any CPU
		{410EE70E-1853-45F1-BC17-F7C5DDA4D27D}.Debug|Any CPU.Build.0 = Debug|Any CPU
		{410EE70E-1853-45F1-BC17-F7C5DDA4D27D}.Release|Any CPU.ActiveCfg = Release|Any CPU
		{410EE70E-1853-45F1-BC17-F7C5DDA4D27D}.Release|Any CPU.Build.0 = Release|Any CPU
		{E7EF48FB-C08D-4412-BEAE-44BEFA91D011}.Debug|Any CPU.ActiveCfg = Debug|Any CPU
		{E7EF48FB-C08D-4412-BEAE-44BEFA91D011}.Debug|Any CPU.Build.0 = Debug|Any CPU
		{E7EF48FB-C08D-4412-BEAE-44BEFA91D011}.Release|Any CPU.ActiveCfg = Release|Any CPU
		{E7EF48FB-C08D-4412-BEAE-44BEFA91D011}.Release|Any CPU.Build.0 = Release|Any CPU
		{2730B70E-639E-4B1C-B3C1-B06603239743}.Debug|Any CPU.ActiveCfg = Debug|Any CPU
		{2730B70E-639E-4B1C-B3C1-B06603239743}.Debug|Any CPU.Build.0 = Debug|Any CPU
		{2730B70E-639E-4B1C-B3C1-B06603239743}.Release|Any CPU.ActiveCfg = Release|Any CPU
		{2730B70E-639E-4B1C-B3C1-B06603239743}.Release|Any CPU.Build.0 = Release|Any CPU
		{678EE261-44E5-4527-8B62-C2CAA83BD55D}.Debug|Any CPU.ActiveCfg = Debug|Any CPU
		{678EE261-44E5-4527-8B62-C2CAA83BD55D}.Debug|Any CPU.Build.0 = Debug|Any CPU
		{678EE261-44E5-4527-8B62-C2CAA83BD55D}.Release|Any CPU.ActiveCfg = Release|Any CPU
		{678EE261-44E5-4527-8B62-C2CAA83BD55D}.Release|Any CPU.Build.0 = Release|Any CPU
		{BDDE4C7E-D836-4E62-A12A-10EFCFEBE5D8}.Debug|Any CPU.ActiveCfg = Debug|Any CPU
		{BDDE4C7E-D836-4E62-A12A-10EFCFEBE5D8}.Debug|Any CPU.Build.0 = Debug|Any CPU
		{BDDE4C7E-D836-4E62-A12A-10EFCFEBE5D8}.Release|Any CPU.ActiveCfg = Release|Any CPU
		{BDDE4C7E-D836-4E62-A12A-10EFCFEBE5D8}.Release|Any CPU.Build.0 = Release|Any CPU
		{22773C0A-F7F2-491C-908C-DE7F7EC3414B}.Debug|Any CPU.ActiveCfg = Debug|Any CPU
		{22773C0A-F7F2-491C-908C-DE7F7EC3414B}.Debug|Any CPU.Build.0 = Debug|Any CPU
		{22773C0A-F7F2-491C-908C-DE7F7EC3414B}.Release|Any CPU.ActiveCfg = Release|Any CPU
		{22773C0A-F7F2-491C-908C-DE7F7EC3414B}.Release|Any CPU.Build.0 = Release|Any CPU
		{3D53885E-B6C1-4AD7-9C03-9A4DB2DBB6F3}.Debug|Any CPU.ActiveCfg = Debug|Any CPU
		{3D53885E-B6C1-4AD7-9C03-9A4DB2DBB6F3}.Debug|Any CPU.Build.0 = Debug|Any CPU
		{3D53885E-B6C1-4AD7-9C03-9A4DB2DBB6F3}.Release|Any CPU.ActiveCfg = Release|Any CPU
		{3D53885E-B6C1-4AD7-9C03-9A4DB2DBB6F3}.Release|Any CPU.Build.0 = Release|Any CPU
		{B7339087-D597-4366-A83E-37B9BBBF7137}.Debug|Any CPU.ActiveCfg = Debug|Any CPU
		{B7339087-D597-4366-A83E-37B9BBBF7137}.Debug|Any CPU.Build.0 = Debug|Any CPU
		{B7339087-D597-4366-A83E-37B9BBBF7137}.Release|Any CPU.ActiveCfg = Release|Any CPU
		{B7339087-D597-4366-A83E-37B9BBBF7137}.Release|Any CPU.Build.0 = Release|Any CPU
		{6F8C4034-AA66-4E40-ABB2-1A871FA81700}.Debug|Any CPU.ActiveCfg = Debug|Any CPU
		{6F8C4034-AA66-4E40-ABB2-1A871FA81700}.Debug|Any CPU.Build.0 = Debug|Any CPU
		{6F8C4034-AA66-4E40-ABB2-1A871FA81700}.Release|Any CPU.ActiveCfg = Release|Any CPU
		{6F8C4034-AA66-4E40-ABB2-1A871FA81700}.Release|Any CPU.Build.0 = Release|Any CPU
		{160E8C85-B0B5-4F84-AD2B-32742DAFA84E}.Debug|Any CPU.ActiveCfg = Debug|Any CPU
		{160E8C85-B0B5-4F84-AD2B-32742DAFA84E}.Debug|Any CPU.Build.0 = Debug|Any CPU
		{160E8C85-B0B5-4F84-AD2B-32742DAFA84E}.Release|Any CPU.ActiveCfg = Release|Any CPU
		{160E8C85-B0B5-4F84-AD2B-32742DAFA84E}.Release|Any CPU.Build.0 = Release|Any CPU
		{A5E2B332-5441-41B3-ABD6-71B663C24022}.Debug|Any CPU.ActiveCfg = Debug|Any CPU
		{A5E2B332-5441-41B3-ABD6-71B663C24022}.Debug|Any CPU.Build.0 = Debug|Any CPU
		{A5E2B332-5441-41B3-ABD6-71B663C24022}.Release|Any CPU.ActiveCfg = Release|Any CPU
		{A5E2B332-5441-41B3-ABD6-71B663C24022}.Release|Any CPU.Build.0 = Release|Any CPU
		{3FE2B76B-DA1A-4464-A237-052E0D9EDB82}.Debug|Any CPU.ActiveCfg = Debug|Any CPU
		{3FE2B76B-DA1A-4464-A237-052E0D9EDB82}.Debug|Any CPU.Build.0 = Debug|Any CPU
		{3FE2B76B-DA1A-4464-A237-052E0D9EDB82}.Release|Any CPU.ActiveCfg = Release|Any CPU
		{3FE2B76B-DA1A-4464-A237-052E0D9EDB82}.Release|Any CPU.Build.0 = Release|Any CPU
		{1ECF81AA-07CC-4252-9BC1-68AB9313D68E}.Debug|Any CPU.ActiveCfg = Debug|Any CPU
		{1ECF81AA-07CC-4252-9BC1-68AB9313D68E}.Debug|Any CPU.Build.0 = Debug|Any CPU
		{1ECF81AA-07CC-4252-9BC1-68AB9313D68E}.Release|Any CPU.ActiveCfg = Release|Any CPU
		{1ECF81AA-07CC-4252-9BC1-68AB9313D68E}.Release|Any CPU.Build.0 = Release|Any CPU
		{50366943-7892-4E4F-BB41-C86661F8ADC3}.Debug|Any CPU.ActiveCfg = Debug|Any CPU
		{50366943-7892-4E4F-BB41-C86661F8ADC3}.Debug|Any CPU.Build.0 = Debug|Any CPU
		{50366943-7892-4E4F-BB41-C86661F8ADC3}.Release|Any CPU.ActiveCfg = Release|Any CPU
		{50366943-7892-4E4F-BB41-C86661F8ADC3}.Release|Any CPU.Build.0 = Release|Any CPU
		{FECD6F11-932A-4E57-B624-51766A22B79A}.Debug|Any CPU.ActiveCfg = Debug|Any CPU
		{FECD6F11-932A-4E57-B624-51766A22B79A}.Debug|Any CPU.Build.0 = Debug|Any CPU
		{FECD6F11-932A-4E57-B624-51766A22B79A}.Release|Any CPU.ActiveCfg = Release|Any CPU
		{FECD6F11-932A-4E57-B624-51766A22B79A}.Release|Any CPU.Build.0 = Release|Any CPU
		{2AEBEE16-3D1C-47FE-B935-98221C45AB07}.Debug|Any CPU.ActiveCfg = Debug|Any CPU
		{2AEBEE16-3D1C-47FE-B935-98221C45AB07}.Debug|Any CPU.Build.0 = Debug|Any CPU
		{2AEBEE16-3D1C-47FE-B935-98221C45AB07}.Release|Any CPU.ActiveCfg = Release|Any CPU
		{2AEBEE16-3D1C-47FE-B935-98221C45AB07}.Release|Any CPU.Build.0 = Release|Any CPU
		{A9FCBF9A-2030-4C5A-B51C-C350B9334CDF}.Debug|Any CPU.ActiveCfg = Debug|Any CPU
		{A9FCBF9A-2030-4C5A-B51C-C350B9334CDF}.Debug|Any CPU.Build.0 = Debug|Any CPU
		{A9FCBF9A-2030-4C5A-B51C-C350B9334CDF}.Release|Any CPU.ActiveCfg = Release|Any CPU
		{A9FCBF9A-2030-4C5A-B51C-C350B9334CDF}.Release|Any CPU.Build.0 = Release|Any CPU
		{15E29D96-3506-42D8-8B02-8336529FA5D7}.Debug|Any CPU.ActiveCfg = Debug|Any CPU
		{15E29D96-3506-42D8-8B02-8336529FA5D7}.Debug|Any CPU.Build.0 = Debug|Any CPU
		{15E29D96-3506-42D8-8B02-8336529FA5D7}.Release|Any CPU.ActiveCfg = Release|Any CPU
		{15E29D96-3506-42D8-8B02-8336529FA5D7}.Release|Any CPU.Build.0 = Release|Any CPU
		{4F437E52-0FAC-4995-91D0-0A69B65D37B4}.Debug|Any CPU.ActiveCfg = Debug|Any CPU
		{4F437E52-0FAC-4995-91D0-0A69B65D37B4}.Debug|Any CPU.Build.0 = Debug|Any CPU
		{4F437E52-0FAC-4995-91D0-0A69B65D37B4}.Release|Any CPU.ActiveCfg = Release|Any CPU
		{4F437E52-0FAC-4995-91D0-0A69B65D37B4}.Release|Any CPU.Build.0 = Release|Any CPU
		{F202355C-F525-4555-BF4F-CD2A47D9A9C4}.Debug|Any CPU.ActiveCfg = Debug|Any CPU
		{F202355C-F525-4555-BF4F-CD2A47D9A9C4}.Debug|Any CPU.Build.0 = Debug|Any CPU
		{F202355C-F525-4555-BF4F-CD2A47D9A9C4}.Release|Any CPU.ActiveCfg = Release|Any CPU
		{F202355C-F525-4555-BF4F-CD2A47D9A9C4}.Release|Any CPU.Build.0 = Release|Any CPU
		{207220DE-803D-4709-8D4E-CF296FF08A18}.Debug|Any CPU.ActiveCfg = Debug|Any CPU
		{207220DE-803D-4709-8D4E-CF296FF08A18}.Debug|Any CPU.Build.0 = Debug|Any CPU
		{207220DE-803D-4709-8D4E-CF296FF08A18}.Release|Any CPU.ActiveCfg = Release|Any CPU
		{207220DE-803D-4709-8D4E-CF296FF08A18}.Release|Any CPU.Build.0 = Release|Any CPU
		{3BF32553-CAFE-4A8D-AE7C-89F602ED65DF}.Debug|Any CPU.ActiveCfg = Debug|Any CPU
		{3BF32553-CAFE-4A8D-AE7C-89F602ED65DF}.Debug|Any CPU.Build.0 = Debug|Any CPU
		{3BF32553-CAFE-4A8D-AE7C-89F602ED65DF}.Release|Any CPU.ActiveCfg = Release|Any CPU
		{3BF32553-CAFE-4A8D-AE7C-89F602ED65DF}.Release|Any CPU.Build.0 = Release|Any CPU
		{BC65FDC4-9D58-43D5-9344-0350AADB3158}.Debug|Any CPU.ActiveCfg = Debug|Any CPU
		{BC65FDC4-9D58-43D5-9344-0350AADB3158}.Debug|Any CPU.Build.0 = Debug|Any CPU
		{BC65FDC4-9D58-43D5-9344-0350AADB3158}.Release|Any CPU.ActiveCfg = Release|Any CPU
		{BC65FDC4-9D58-43D5-9344-0350AADB3158}.Release|Any CPU.Build.0 = Release|Any CPU
		{8C6A76F3-9A52-4E57-A365-F3E4F3423A04}.Debug|Any CPU.ActiveCfg = Debug|Any CPU
		{8C6A76F3-9A52-4E57-A365-F3E4F3423A04}.Debug|Any CPU.Build.0 = Debug|Any CPU
		{8C6A76F3-9A52-4E57-A365-F3E4F3423A04}.Release|Any CPU.ActiveCfg = Release|Any CPU
		{8C6A76F3-9A52-4E57-A365-F3E4F3423A04}.Release|Any CPU.Build.0 = Release|Any CPU
		{5E869B20-1BA0-4B63-AFC0-F13E1BB62CFA}.Debug|Any CPU.ActiveCfg = Debug|Any CPU
		{5E869B20-1BA0-4B63-AFC0-F13E1BB62CFA}.Debug|Any CPU.Build.0 = Debug|Any CPU
		{5E869B20-1BA0-4B63-AFC0-F13E1BB62CFA}.Release|Any CPU.ActiveCfg = Release|Any CPU
		{5E869B20-1BA0-4B63-AFC0-F13E1BB62CFA}.Release|Any CPU.Build.0 = Release|Any CPU
	EndGlobalSection
	GlobalSection(SolutionProperties) = preSolution
		HideSolutionNode = FALSE
	EndGlobalSection
	GlobalSection(NestedProjects) = preSolution
		{91F763C7-560E-4627-913F-CCDCC33F5B55} = {78E20D86-F5E6-4D49-8477-4A01CA07CBAD}
		{F617328B-3E9D-4286-AF7B-51627525B191} = {78E20D86-F5E6-4D49-8477-4A01CA07CBAD}
		{4C904D72-5A00-4673-AA74-31BA5B31A905} = {78E20D86-F5E6-4D49-8477-4A01CA07CBAD}
		{C0197544-4C26-4776-9A6B-C8C15186E26A} = {26311B50-6CA6-46FD-96C5-0D1D68EADC50}
		{482B9DE6-C21D-4C87-B0CC-6B953EE2A86E} = {26311B50-6CA6-46FD-96C5-0D1D68EADC50}
		{93D213A4-4EAD-4004-AE17-FDEE552D5AA8} = {C0197544-4C26-4776-9A6B-C8C15186E26A}
		{410EE70E-1853-45F1-BC17-F7C5DDA4D27D} = {482B9DE6-C21D-4C87-B0CC-6B953EE2A86E}
		{E7EF48FB-C08D-4412-BEAE-44BEFA91D011} = {4C904D72-5A00-4673-AA74-31BA5B31A905}
		{2730B70E-639E-4B1C-B3C1-B06603239743} = {4C904D72-5A00-4673-AA74-31BA5B31A905}
		{678EE261-44E5-4527-8B62-C2CAA83BD55D} = {4C904D72-5A00-4673-AA74-31BA5B31A905}
		{BDDE4C7E-D836-4E62-A12A-10EFCFEBE5D8} = {4C904D72-5A00-4673-AA74-31BA5B31A905}
		{22773C0A-F7F2-491C-908C-DE7F7EC3414B} = {4C904D72-5A00-4673-AA74-31BA5B31A905}
		{3D53885E-B6C1-4AD7-9C03-9A4DB2DBB6F3} = {4C904D72-5A00-4673-AA74-31BA5B31A905}
		{B7339087-D597-4366-A83E-37B9BBBF7137} = {4C904D72-5A00-4673-AA74-31BA5B31A905}
		{6F8C4034-AA66-4E40-ABB2-1A871FA81700} = {4C904D72-5A00-4673-AA74-31BA5B31A905}
		{160E8C85-B0B5-4F84-AD2B-32742DAFA84E} = {4C904D72-5A00-4673-AA74-31BA5B31A905}
		{A5E2B332-5441-41B3-ABD6-71B663C24022} = {4C904D72-5A00-4673-AA74-31BA5B31A905}
		{3FE2B76B-DA1A-4464-A237-052E0D9EDB82} = {4C904D72-5A00-4673-AA74-31BA5B31A905}
		{1ECF81AA-07CC-4252-9BC1-68AB9313D68E} = {91F763C7-560E-4627-913F-CCDCC33F5B55}
		{50366943-7892-4E4F-BB41-C86661F8ADC3} = {91F763C7-560E-4627-913F-CCDCC33F5B55}
		{FECD6F11-932A-4E57-B624-51766A22B79A} = {91F763C7-560E-4627-913F-CCDCC33F5B55}
		{2AEBEE16-3D1C-47FE-B935-98221C45AB07} = {91F763C7-560E-4627-913F-CCDCC33F5B55}
		{A9FCBF9A-2030-4C5A-B51C-C350B9334CDF} = {91F763C7-560E-4627-913F-CCDCC33F5B55}
		{15E29D96-3506-42D8-8B02-8336529FA5D7} = {F617328B-3E9D-4286-AF7B-51627525B191}
		{4F437E52-0FAC-4995-91D0-0A69B65D37B4} = {F617328B-3E9D-4286-AF7B-51627525B191}
		{F202355C-F525-4555-BF4F-CD2A47D9A9C4} = {F617328B-3E9D-4286-AF7B-51627525B191}
		{207220DE-803D-4709-8D4E-CF296FF08A18} = {F617328B-3E9D-4286-AF7B-51627525B191}
		{3BF32553-CAFE-4A8D-AE7C-89F602ED65DF} = {F617328B-3E9D-4286-AF7B-51627525B191}
		{BC65FDC4-9D58-43D5-9344-0350AADB3158} = {F617328B-3E9D-4286-AF7B-51627525B191}
		{8C6A76F3-9A52-4E57-A365-F3E4F3423A04} = {F617328B-3E9D-4286-AF7B-51627525B191}
		{DE8AF430-DA81-43A0-84B6-B0D6012FDBC4} = {482B9DE6-C21D-4C87-B0CC-6B953EE2A86E}
		{5E869B20-1BA0-4B63-AFC0-F13E1BB62CFA} = {C0197544-4C26-4776-9A6B-C8C15186E26A}
		{77ED0F21-D6D7-42DD-822A-260232BB2A1F} = {601C567D-12F3-4EB8-82F4-42BEBBB5BD7E}
		{DD8B1CBD-EA1D-4823-8947-0BD60A200D4E} = {77ED0F21-D6D7-42DD-822A-260232BB2A1F}
	EndGlobalSection
	GlobalSection(ExtensibilityGlobals) = postSolution
		SolutionGuid = {FD55424A-A20A-45D2-B4E1-B8EE696E6B7B}
	EndGlobalSection
EndGlobal
